
Microsoft Visual Studio Solution File, Format Version 12.00
# Visual Studio 2013
VisualStudioVersion = 12.0.21005.1
MinimumVisualStudioVersion = 10.0.40219.1
Project("{FAE04EC0-301F-11D3-BF4B-00C04F79EFBC}") = "SampleApp", "SampleApp\SampleApp.csproj", "{797D93CC-CC32-4D20-8F7D-B278DA724F55}"
EndProject
Project("{FAE04EC0-301F-11D3-BF4B-00C04F79EFBC}") = "SampleApp.Tests.Framework", "SampleApp.Tests.Framework\SampleApp.Tests.Framework.csproj", "{F705FEF3-C4F4-4537-8AE3-A4012FC70E47}"
EndProject
Project("{FAE04EC0-301F-11D3-BF4B-00C04F79EFBC}") = "SampleApp.Tests", "SampleApp.Tests\SampleApp.Tests.csproj", "{EB0AB587-AC67-4067-A536-4130AB09BFD3}"
EndProject
Global
	GlobalSection(SolutionConfigurationPlatforms) = preSolution
		Debug|Any CPU = Debug|Any CPU
		Release|Any CPU = Release|Any CPU
	EndGlobalSection
	GlobalSection(ProjectConfigurationPlatforms) = postSolution
		{797D93CC-CC32-4D20-8F7D-B278DA724F55}.Debug|Any CPU.ActiveCfg = Debug|Any CPU
		{797D93CC-CC32-4D20-8F7D-B278DA724F55}.Debug|Any CPU.Build.0 = Debug|Any CPU
		{797D93CC-CC32-4D20-8F7D-B278DA724F55}.Release|Any CPU.ActiveCfg = Release|Any CPU
		{797D93CC-CC32-4D20-8F7D-B278DA724F55}.Release|Any CPU.Build.0 = Release|Any CPU
		{F705FEF3-C4F4-4537-8AE3-A4012FC70E47}.Debug|Any CPU.ActiveCfg = Debug|Any CPU
		{F705FEF3-C4F4-4537-8AE3-A4012FC70E47}.Debug|Any CPU.Build.0 = Debug|Any CPU
		{F705FEF3-C4F4-4537-8AE3-A4012FC70E47}.Release|Any CPU.ActiveCfg = Release|Any CPU
		{F705FEF3-C4F4-4537-8AE3-A4012FC70E47}.Release|Any CPU.Build.0 = Release|Any CPU
		{EB0AB587-AC67-4067-A536-4130AB09BFD3}.Debug|Any CPU.ActiveCfg = Debug|Any CPU
		{EB0AB587-AC67-4067-A536-4130AB09BFD3}.Debug|Any CPU.Build.0 = Debug|Any CPU
		{EB0AB587-AC67-4067-A536-4130AB09BFD3}.Release|Any CPU.ActiveCfg = Release|Any CPU
		{EB0AB587-AC67-4067-A536-4130AB09BFD3}.Release|Any CPU.Build.0 = Release|Any CPU
	EndGlobalSection
	GlobalSection(SolutionProperties) = preSolution
		HideSolutionNode = FALSE
	EndGlobalSection
EndGlobal
